
Microsoft Visual Studio Solution File, Format Version 12.00
# Visual Studio 15
VisualStudioVersion = 15.0.27703.2018
MinimumVisualStudioVersion = 10.0.40219.1
Project("{FAE04EC0-301F-11D3-BF4B-00C04F79EFBC}") = "Venus.AI", "Venus.AI\Venus.AI.csproj", "{7B9E7DB4-E9F7-4490-B1EA-22B3B6E2861D}"
EndProject
Global
	GlobalSection(SolutionConfigurationPlatforms) = preSolution
		Debug|Any CPU = Debug|Any CPU
		Release|Any CPU = Release|Any CPU
	EndGlobalSection
	GlobalSection(ProjectConfigurationPlatforms) = postSolution
		{7B9E7DB4-E9F7-4490-B1EA-22B3B6E2861D}.Debug|Any CPU.ActiveCfg = Debug|Any CPU
		{7B9E7DB4-E9F7-4490-B1EA-22B3B6E2861D}.Debug|Any CPU.Build.0 = Debug|Any CPU
		{7B9E7DB4-E9F7-4490-B1EA-22B3B6E2861D}.Release|Any CPU.ActiveCfg = Release|Any CPU
		{7B9E7DB4-E9F7-4490-B1EA-22B3B6E2861D}.Release|Any CPU.Build.0 = Release|Any CPU
	EndGlobalSection
	GlobalSection(SolutionProperties) = preSolution
		HideSolutionNode = FALSE
	EndGlobalSection
	GlobalSection(ExtensibilityGlobals) = postSolution
		SolutionGuid = {7C19DF36-7DF7-415E-BCA5-DAC718F4FC7B}
	EndGlobalSection
EndGlobal
